
Microsoft Visual Studio Solution File, Format Version 12.00
# Visual Studio 2013
VisualStudioVersion = 12.0.31101.0
MinimumVisualStudioVersion = 10.0.40219.1
Project("{FAE04EC0-301F-11D3-BF4B-00C04F79EFBC}") = "ACDCAzureTest", "ACDCAzureTest.csproj", "{FF429856-92C9-49CD-8649-F6F74B7B11DC}"
EndProject
Global
	GlobalSection(SolutionConfigurationPlatforms) = preSolution
		Debug|Any CPU = Debug|Any CPU
		Release|Any CPU = Release|Any CPU
	EndGlobalSection
	GlobalSection(ProjectConfigurationPlatforms) = postSolution
		{FF429856-92C9-49CD-8649-F6F74B7B11DC}.Debug|Any CPU.ActiveCfg = Debug|Any CPU
		{FF429856-92C9-49CD-8649-F6F74B7B11DC}.Debug|Any CPU.Build.0 = Debug|Any CPU
		{FF429856-92C9-49CD-8649-F6F74B7B11DC}.Release|Any CPU.ActiveCfg = Release|Any CPU
		{FF429856-92C9-49CD-8649-F6F74B7B11DC}.Release|Any CPU.Build.0 = Release|Any CPU
	EndGlobalSection
	GlobalSection(SolutionProperties) = preSolution
		HideSolutionNode = FALSE
	EndGlobalSection
EndGlobal
